// !$*UTF8*$!
{
	archiveVersion = 1;
	classes = {
	};
	objectVersion = 46;
	objects = {

/* Begin PBXBuildFile section */
		0488CB281A86E29000E0AA5E /* main.m in Sources */ = {isa = PBXBuildFile; fileRef = 0488CB271A86E29000E0AA5E /* main.m */; };
		0488CB311A86E29000E0AA5E /* Main.storyboard in Resources */ = {isa = PBXBuildFile; fileRef = 0488CB2F1A86E29000E0AA5E /* Main.storyboard */; };
		0488CB331A86E29000E0AA5E /* Images.xcassets in Resources */ = {isa = PBXBuildFile; fileRef = 0488CB321A86E29000E0AA5E /* Images.xcassets */; };
		0488CB361A86E29000E0AA5E /* LaunchScreen.xib in Resources */ = {isa = PBXBuildFile; fileRef = 0488CB341A86E29000E0AA5E /* LaunchScreen.xib */; };
		0488CB421A86E29000E0AA5E /* __Tests.m in Sources */ = {isa = PBXBuildFile; fileRef = 0488CB411A86E29000E0AA5E /* __Tests.m */; };
		63172A8B1CEBFA2D004BEAC3 /* AppDelegate.m in Sources */ = {isa = PBXBuildFile; fileRef = 63172A8A1CEBFA2D004BEAC3 /* AppDelegate.m */; };
		63172A8E1CEBFBE3004BEAC3 /* PersonViewController.m in Sources */ = {isa = PBXBuildFile; fileRef = 63172A8D1CEBFBE3004BEAC3 /* PersonViewController.m */; };
		63172A911CEBFBF7004BEAC3 /* FinderViewController.m in Sources */ = {isa = PBXBuildFile; fileRef = 63172A901CEBFBF7004BEAC3 /* FinderViewController.m */; };
		63172A941CEBFC06004BEAC3 /* ClassViewController.m in Sources */ = {isa = PBXBuildFile; fileRef = 63172A931CEBFC06004BEAC3 /* ClassViewController.m */; };
		63172A971CEBFC12004BEAC3 /* LocationView.m in Sources */ = {isa = PBXBuildFile; fileRef = 63172A961CEBFC12004BEAC3 /* LocationView.m */; };
		63172A9A1CEBFC21004BEAC3 /* CityViewController.m in Sources */ = {isa = PBXBuildFile; fileRef = 63172A991CEBFC21004BEAC3 /* CityViewController.m */; };
		63172A9D1CEBFC2F004BEAC3 /* MainViewController.m in Sources */ = {isa = PBXBuildFile; fileRef = 63172A9C1CEBFC2F004BEAC3 /* MainViewController.m */; };
		63172AA01CEBFC3A004BEAC3 /* RegisterViewController.m in Sources */ = {isa = PBXBuildFile; fileRef = 63172A9F1CEBFC3A004BEAC3 /* RegisterViewController.m */; };
		63172AA51CEBFC49004BEAC3 /* BackView.m in Sources */ = {isa = PBXBuildFile; fileRef = 63172AA21CEBFC49004BEAC3 /* BackView.m */; };
		63172AA61CEBFC49004BEAC3 /* HttpTool.m in Sources */ = {isa = PBXBuildFile; fileRef = 63172AA41CEBFC49004BEAC3 /* HttpTool.m */; };
		63172ABA1CEBFDB4004BEAC3 /* NSData+SDDataCache.m in Sources */ = {isa = PBXBuildFile; fileRef = 63172AAA1CEBFDB4004BEAC3 /* NSData+SDDataCache.m */; };
		63172ABB1CEBFDB4004BEAC3 /* TAAbstractDotView.m in Sources */ = {isa = PBXBuildFile; fileRef = 63172AAD1CEBFDB4004BEAC3 /* TAAbstractDotView.m */; };
		63172ABC1CEBFDB4004BEAC3 /* TAAnimatedDotView.m in Sources */ = {isa = PBXBuildFile; fileRef = 63172AAF1CEBFDB4004BEAC3 /* TAAnimatedDotView.m */; };
		63172ABD1CEBFDB4004BEAC3 /* TADotView.m in Sources */ = {isa = PBXBuildFile; fileRef = 63172AB11CEBFDB4004BEAC3 /* TADotView.m */; };
		63172ABE1CEBFDB4004BEAC3 /* TAPageControl.m in Sources */ = {isa = PBXBuildFile; fileRef = 63172AB31CEBFDB4004BEAC3 /* TAPageControl.m */; };
		63172ABF1CEBFDB4004BEAC3 /* SDCollectionViewCell.m in Sources */ = {isa = PBXBuildFile; fileRef = 63172AB51CEBFDB4004BEAC3 /* SDCollectionViewCell.m */; };
		63172AC01CEBFDB4004BEAC3 /* SDCycleScrollView.m in Sources */ = {isa = PBXBuildFile; fileRef = 63172AB71CEBFDB4004BEAC3 /* SDCycleScrollView.m */; };
		63172AC11CEBFDB4004BEAC3 /* UIView+SDExtension.m in Sources */ = {isa = PBXBuildFile; fileRef = 63172AB91CEBFDB4004BEAC3 /* UIView+SDExtension.m */; };
		63172AC71CEBFEDA004BEAC3 /* HomeModel.m in Sources */ = {isa = PBXBuildFile; fileRef = 63172AC61CEBFEDA004BEAC3 /* HomeModel.m */; };
		63172ACA1CEBFF6A004BEAC3 /* ClassModel.m in Sources */ = {isa = PBXBuildFile; fileRef = 63172AC91CEBFF6A004BEAC3 /* ClassModel.m */; };
		63E1F98E1CEC3C4900EFF00C /* ClassView.m in Sources */ = {isa = PBXBuildFile; fileRef = 63E1F98D1CEC3C4900EFF00C /* ClassView.m */; };
		63E1F9911CEC3D4D00EFF00C /* ClassTableViewCell.m in Sources */ = {isa = PBXBuildFile; fileRef = 63E1F9901CEC3D4D00EFF00C /* ClassTableViewCell.m */; };
		63E1F9941CEC43DD00EFF00C /* ShopView.m in Sources */ = {isa = PBXBuildFile; fileRef = 63E1F9931CEC43DD00EFF00C /* ShopView.m */; };
		63E1F9971CEC47F500EFF00C /* ShopModel.m in Sources */ = {isa = PBXBuildFile; fileRef = 63E1F9961CEC47F500EFF00C /* ShopModel.m */; };
		63E1F99A1CEC488000EFF00C /* ShopTableViewCell.m in Sources */ = {isa = PBXBuildFile; fileRef = 63E1F9991CEC488000EFF00C /* ShopTableViewCell.m */; };
		63E1F99E1CEC563000EFF00C /* TopView.m in Sources */ = {isa = PBXBuildFile; fileRef = 63E1F99D1CEC563000EFF00C /* TopView.m */; };
		63F3A6021CED519D00F8DCFA /* CustomView.m in Sources */ = {isa = PBXBuildFile; fileRef = 63F3A6011CED519D00F8DCFA /* CustomView.m */; };
		63F3A6091CED820C00F8DCFA /* PictureTextView.m in Sources */ = {isa = PBXBuildFile; fileRef = 63F3A6081CED820C00F8DCFA /* PictureTextView.m */; };
		63F3A60C1CED822500F8DCFA /* NewsView.m in Sources */ = {isa = PBXBuildFile; fileRef = 63F3A60B1CED822500F8DCFA /* NewsView.m */; };
		63F3A60F1CED823100F8DCFA /* QuestionView.m in Sources */ = {isa = PBXBuildFile; fileRef = 63F3A60E1CED823100F8DCFA /* QuestionView.m */; };
		63F3A6121CED938A00F8DCFA /* NewsCollectionViewCell.m in Sources */ = {isa = PBXBuildFile; fileRef = 63F3A6111CED938A00F8DCFA /* NewsCollectionViewCell.m */; };
		63F3A6141CEDA32100F8DCFA /* news_result.png in Resources */ = {isa = PBXBuildFile; fileRef = 63F3A6131CEDA32100F8DCFA /* news_result.png */; };
		F4787F5189D2D3D7321C7283 /* Pods___.framework in Frameworks */ = {isa = PBXBuildFile; fileRef = DB8F7B659B18D974FC1DA528 /* Pods___.framework */; };
/* End PBXBuildFile section */

/* Begin PBXContainerItemProxy section */
		0488CB3C1A86E29000E0AA5E /* PBXContainerItemProxy */ = {
			isa = PBXContainerItemProxy;
			containerPortal = 0488CB1A1A86E29000E0AA5E /* Project object */;
			proxyType = 1;
			remoteGlobalIDString = 0488CB211A86E29000E0AA5E;
			remoteInfo = "果动";
		};
/* End PBXContainerItemProxy section */

/* Begin PBXFileReference section */
		0488CB221A86E29000E0AA5E /* 果动.app */ = {isa = PBXFileReference; explicitFileType = wrapper.application; includeInIndex = 0; path = "果动.app"; sourceTree = BUILT_PRODUCTS_DIR; };
		0488CB261A86E29000E0AA5E /* Info.plist */ = {isa = PBXFileReference; lastKnownFileType = text.plist.xml; path = Info.plist; sourceTree = "<group>"; };
		0488CB271A86E29000E0AA5E /* main.m */ = {isa = PBXFileReference; lastKnownFileType = sourcecode.c.objc; path = main.m; sourceTree = "<group>"; };
		0488CB301A86E29000E0AA5E /* Base */ = {isa = PBXFileReference; lastKnownFileType = file.storyboard; name = Base; path = Base.lproj/Main.storyboard; sourceTree = "<group>"; };
		0488CB321A86E29000E0AA5E /* Images.xcassets */ = {isa = PBXFileReference; lastKnownFileType = folder.assetcatalog; path = Images.xcassets; sourceTree = "<group>"; };
		0488CB351A86E29000E0AA5E /* Base */ = {isa = PBXFileReference; lastKnownFileType = file.xib; name = Base; path = Base.lproj/LaunchScreen.xib; sourceTree = "<group>"; };
		0488CB3B1A86E29000E0AA5E /* 果动Tests.xctest */ = {isa = PBXFileReference; explicitFileType = wrapper.cfbundle; includeInIndex = 0; path = "果动Tests.xctest"; sourceTree = BUILT_PRODUCTS_DIR; };
		0488CB401A86E29000E0AA5E /* Info.plist */ = {isa = PBXFileReference; lastKnownFileType = text.plist.xml; path = Info.plist; sourceTree = "<group>"; };
		0488CB411A86E29000E0AA5E /* __Tests.m */ = {isa = PBXFileReference; lastKnownFileType = sourcecode.c.objc; path = __Tests.m; sourceTree = "<group>"; };
		34FB940F5E8B59DBDB9608E4 /* Pods-果动.release.xcconfig */ = {isa = PBXFileReference; includeInIndex = 1; lastKnownFileType = text.xcconfig; name = "Pods-果动.release.xcconfig"; path = "Pods/Target Support Files/Pods-果动/Pods-果动.release.xcconfig"; sourceTree = "<group>"; };
		63172A8A1CEBFA2D004BEAC3 /* AppDelegate.m */ = {isa = PBXFileReference; fileEncoding = 4; lastKnownFileType = sourcecode.c.objc; path = AppDelegate.m; sourceTree = "<group>"; };
		63172A8C1CEBFBE3004BEAC3 /* PersonViewController.h */ = {isa = PBXFileReference; fileEncoding = 4; lastKnownFileType = sourcecode.c.h; name = PersonViewController.h; path = Person/PersonViewController.h; sourceTree = "<group>"; };
		63172A8D1CEBFBE3004BEAC3 /* PersonViewController.m */ = {isa = PBXFileReference; fileEncoding = 4; lastKnownFileType = sourcecode.c.objc; name = PersonViewController.m; path = Person/PersonViewController.m; sourceTree = "<group>"; };
		63172A8F1CEBFBF7004BEAC3 /* FinderViewController.h */ = {isa = PBXFileReference; fileEncoding = 4; lastKnownFileType = sourcecode.c.h; name = FinderViewController.h; path = Finder/FinderViewController.h; sourceTree = "<group>"; };
		63172A901CEBFBF7004BEAC3 /* FinderViewController.m */ = {isa = PBXFileReference; fileEncoding = 4; lastKnownFileType = sourcecode.c.objc; name = FinderViewController.m; path = Finder/FinderViewController.m; sourceTree = "<group>"; };
		63172A921CEBFC06004BEAC3 /* ClassViewController.h */ = {isa = PBXFileReference; fileEncoding = 4; lastKnownFileType = sourcecode.c.h; name = ClassViewController.h; path = Class/Class/ClassViewController.h; sourceTree = "<group>"; };
		63172A931CEBFC06004BEAC3 /* ClassViewController.m */ = {isa = PBXFileReference; fileEncoding = 4; lastKnownFileType = sourcecode.c.objc; name = ClassViewController.m; path = Class/Class/ClassViewController.m; sourceTree = "<group>"; };
		63172A951CEBFC12004BEAC3 /* LocationView.h */ = {isa = PBXFileReference; fileEncoding = 4; lastKnownFileType = sourcecode.c.h; name = LocationView.h; path = Class/Class/View/LocationView.h; sourceTree = "<group>"; };
		63172A961CEBFC12004BEAC3 /* LocationView.m */ = {isa = PBXFileReference; fileEncoding = 4; lastKnownFileType = sourcecode.c.objc; name = LocationView.m; path = Class/Class/View/LocationView.m; sourceTree = "<group>"; };
		63172A981CEBFC21004BEAC3 /* CityViewController.h */ = {isa = PBXFileReference; fileEncoding = 4; lastKnownFileType = sourcecode.c.h; name = CityViewController.h; path = Class/City/CityViewController.h; sourceTree = "<group>"; };
		63172A991CEBFC21004BEAC3 /* CityViewController.m */ = {isa = PBXFileReference; fileEncoding = 4; lastKnownFileType = sourcecode.c.objc; name = CityViewController.m; path = Class/City/CityViewController.m; sourceTree = "<group>"; };
		63172A9B1CEBFC2F004BEAC3 /* MainViewController.h */ = {isa = PBXFileReference; fileEncoding = 4; lastKnownFileType = sourcecode.c.h; name = MainViewController.h; path = Tabbar/MainViewController.h; sourceTree = "<group>"; };
		63172A9C1CEBFC2F004BEAC3 /* MainViewController.m */ = {isa = PBXFileReference; fileEncoding = 4; lastKnownFileType = sourcecode.c.objc; name = MainViewController.m; path = Tabbar/MainViewController.m; sourceTree = "<group>"; };
		63172A9E1CEBFC3A004BEAC3 /* RegisterViewController.h */ = {isa = PBXFileReference; fileEncoding = 4; lastKnownFileType = sourcecode.c.h; path = RegisterViewController.h; sourceTree = "<group>"; };
		63172A9F1CEBFC3A004BEAC3 /* RegisterViewController.m */ = {isa = PBXFileReference; fileEncoding = 4; lastKnownFileType = sourcecode.c.objc; path = RegisterViewController.m; sourceTree = "<group>"; };
		63172AA11CEBFC49004BEAC3 /* BackView.h */ = {isa = PBXFileReference; fileEncoding = 4; lastKnownFileType = sourcecode.c.h; path = BackView.h; sourceTree = "<group>"; };
		63172AA21CEBFC49004BEAC3 /* BackView.m */ = {isa = PBXFileReference; fileEncoding = 4; lastKnownFileType = sourcecode.c.objc; path = BackView.m; sourceTree = "<group>"; };
		63172AA31CEBFC49004BEAC3 /* HttpTool.h */ = {isa = PBXFileReference; fileEncoding = 4; lastKnownFileType = sourcecode.c.h; path = HttpTool.h; sourceTree = "<group>"; };
		63172AA41CEBFC49004BEAC3 /* HttpTool.m */ = {isa = PBXFileReference; fileEncoding = 4; lastKnownFileType = sourcecode.c.objc; path = HttpTool.m; sourceTree = "<group>"; };
		63172AA91CEBFDB4004BEAC3 /* NSData+SDDataCache.h */ = {isa = PBXFileReference; fileEncoding = 4; lastKnownFileType = sourcecode.c.h; path = "NSData+SDDataCache.h"; sourceTree = "<group>"; };
		63172AAA1CEBFDB4004BEAC3 /* NSData+SDDataCache.m */ = {isa = PBXFileReference; fileEncoding = 4; lastKnownFileType = sourcecode.c.objc; path = "NSData+SDDataCache.m"; sourceTree = "<group>"; };
		63172AAC1CEBFDB4004BEAC3 /* TAAbstractDotView.h */ = {isa = PBXFileReference; fileEncoding = 4; lastKnownFileType = sourcecode.c.h; path = TAAbstractDotView.h; sourceTree = "<group>"; };
		63172AAD1CEBFDB4004BEAC3 /* TAAbstractDotView.m */ = {isa = PBXFileReference; fileEncoding = 4; lastKnownFileType = sourcecode.c.objc; path = TAAbstractDotView.m; sourceTree = "<group>"; };
		63172AAE1CEBFDB4004BEAC3 /* TAAnimatedDotView.h */ = {isa = PBXFileReference; fileEncoding = 4; lastKnownFileType = sourcecode.c.h; path = TAAnimatedDotView.h; sourceTree = "<group>"; };
		63172AAF1CEBFDB4004BEAC3 /* TAAnimatedDotView.m */ = {isa = PBXFileReference; fileEncoding = 4; lastKnownFileType = sourcecode.c.objc; path = TAAnimatedDotView.m; sourceTree = "<group>"; };
		63172AB01CEBFDB4004BEAC3 /* TADotView.h */ = {isa = PBXFileReference; fileEncoding = 4; lastKnownFileType = sourcecode.c.h; path = TADotView.h; sourceTree = "<group>"; };
		63172AB11CEBFDB4004BEAC3 /* TADotView.m */ = {isa = PBXFileReference; fileEncoding = 4; lastKnownFileType = sourcecode.c.objc; path = TADotView.m; sourceTree = "<group>"; };
		63172AB21CEBFDB4004BEAC3 /* TAPageControl.h */ = {isa = PBXFileReference; fileEncoding = 4; lastKnownFileType = sourcecode.c.h; path = TAPageControl.h; sourceTree = "<group>"; };
		63172AB31CEBFDB4004BEAC3 /* TAPageControl.m */ = {isa = PBXFileReference; fileEncoding = 4; lastKnownFileType = sourcecode.c.objc; path = TAPageControl.m; sourceTree = "<group>"; };
		63172AB41CEBFDB4004BEAC3 /* SDCollectionViewCell.h */ = {isa = PBXFileReference; fileEncoding = 4; lastKnownFileType = sourcecode.c.h; path = SDCollectionViewCell.h; sourceTree = "<group>"; };
		63172AB51CEBFDB4004BEAC3 /* SDCollectionViewCell.m */ = {isa = PBXFileReference; fileEncoding = 4; lastKnownFileType = sourcecode.c.objc; path = SDCollectionViewCell.m; sourceTree = "<group>"; };
		63172AB61CEBFDB4004BEAC3 /* SDCycleScrollView.h */ = {isa = PBXFileReference; fileEncoding = 4; lastKnownFileType = sourcecode.c.h; path = SDCycleScrollView.h; sourceTree = "<group>"; };
		63172AB71CEBFDB4004BEAC3 /* SDCycleScrollView.m */ = {isa = PBXFileReference; fileEncoding = 4; lastKnownFileType = sourcecode.c.objc; path = SDCycleScrollView.m; sourceTree = "<group>"; };
		63172AB81CEBFDB4004BEAC3 /* UIView+SDExtension.h */ = {isa = PBXFileReference; fileEncoding = 4; lastKnownFileType = sourcecode.c.h; path = "UIView+SDExtension.h"; sourceTree = "<group>"; };
		63172AB91CEBFDB4004BEAC3 /* UIView+SDExtension.m */ = {isa = PBXFileReference; fileEncoding = 4; lastKnownFileType = sourcecode.c.objc; path = "UIView+SDExtension.m"; sourceTree = "<group>"; };
		63172AC51CEBFEDA004BEAC3 /* HomeModel.h */ = {isa = PBXFileReference; fileEncoding = 4; lastKnownFileType = sourcecode.c.h; name = HomeModel.h; path = Class/Class/Model/HomeModel.h; sourceTree = "<group>"; };
		63172AC61CEBFEDA004BEAC3 /* HomeModel.m */ = {isa = PBXFileReference; fileEncoding = 4; lastKnownFileType = sourcecode.c.objc; name = HomeModel.m; path = Class/Class/Model/HomeModel.m; sourceTree = "<group>"; };
		63172AC81CEBFF6A004BEAC3 /* ClassModel.h */ = {isa = PBXFileReference; fileEncoding = 4; lastKnownFileType = sourcecode.c.h; name = ClassModel.h; path = Class/Class/Model/ClassModel.h; sourceTree = "<group>"; };
		63172AC91CEBFF6A004BEAC3 /* ClassModel.m */ = {isa = PBXFileReference; fileEncoding = 4; lastKnownFileType = sourcecode.c.objc; name = ClassModel.m; path = Class/Class/Model/ClassModel.m; sourceTree = "<group>"; };
		6338649A1C7556BC002638C7 /* PrefixHeader.pch */ = {isa = PBXFileReference; lastKnownFileType = sourcecode.c.h; path = PrefixHeader.pch; sourceTree = "<group>"; };
		63B635861C74039900923A35 /* AppDelegate.h */ = {isa = PBXFileReference; fileEncoding = 4; lastKnownFileType = sourcecode.c.h; path = AppDelegate.h; sourceTree = "<group>"; };
		63E1F98C1CEC3C4900EFF00C /* ClassView.h */ = {isa = PBXFileReference; fileEncoding = 4; lastKnownFileType = sourcecode.c.h; name = ClassView.h; path = Class/Class/View/ClassView.h; sourceTree = "<group>"; };
		63E1F98D1CEC3C4900EFF00C /* ClassView.m */ = {isa = PBXFileReference; fileEncoding = 4; lastKnownFileType = sourcecode.c.objc; name = ClassView.m; path = Class/Class/View/ClassView.m; sourceTree = "<group>"; };
		63E1F98F1CEC3D4D00EFF00C /* ClassTableViewCell.h */ = {isa = PBXFileReference; fileEncoding = 4; lastKnownFileType = sourcecode.c.h; name = ClassTableViewCell.h; path = Class/Class/View/ClassTableViewCell.h; sourceTree = "<group>"; };
		63E1F9901CEC3D4D00EFF00C /* ClassTableViewCell.m */ = {isa = PBXFileReference; fileEncoding = 4; lastKnownFileType = sourcecode.c.objc; name = ClassTableViewCell.m; path = Class/Class/View/ClassTableViewCell.m; sourceTree = "<group>"; };
		63E1F9921CEC43DD00EFF00C /* ShopView.h */ = {isa = PBXFileReference; fileEncoding = 4; lastKnownFileType = sourcecode.c.h; name = ShopView.h; path = Class/Class/View/ShopView.h; sourceTree = "<group>"; };
		63E1F9931CEC43DD00EFF00C /* ShopView.m */ = {isa = PBXFileReference; fileEncoding = 4; lastKnownFileType = sourcecode.c.objc; name = ShopView.m; path = Class/Class/View/ShopView.m; sourceTree = "<group>"; };
		63E1F9951CEC47F500EFF00C /* ShopModel.h */ = {isa = PBXFileReference; fileEncoding = 4; lastKnownFileType = sourcecode.c.h; name = ShopModel.h; path = Class/Class/Model/ShopModel.h; sourceTree = "<group>"; };
		63E1F9961CEC47F500EFF00C /* ShopModel.m */ = {isa = PBXFileReference; fileEncoding = 4; lastKnownFileType = sourcecode.c.objc; name = ShopModel.m; path = Class/Class/Model/ShopModel.m; sourceTree = "<group>"; };
		63E1F9981CEC488000EFF00C /* ShopTableViewCell.h */ = {isa = PBXFileReference; fileEncoding = 4; lastKnownFileType = sourcecode.c.h; name = ShopTableViewCell.h; path = Class/Class/View/ShopTableViewCell.h; sourceTree = "<group>"; };
		63E1F9991CEC488000EFF00C /* ShopTableViewCell.m */ = {isa = PBXFileReference; fileEncoding = 4; lastKnownFileType = sourcecode.c.objc; name = ShopTableViewCell.m; path = Class/Class/View/ShopTableViewCell.m; sourceTree = "<group>"; };
		63E1F99C1CEC563000EFF00C /* TopView.h */ = {isa = PBXFileReference; fileEncoding = 4; lastKnownFileType = sourcecode.c.h; path = TopView.h; sourceTree = "<group>"; };
		63E1F99D1CEC563000EFF00C /* TopView.m */ = {isa = PBXFileReference; fileEncoding = 4; lastKnownFileType = sourcecode.c.objc; path = TopView.m; sourceTree = "<group>"; };
		63F3A6001CED519D00F8DCFA /* CustomView.h */ = {isa = PBXFileReference; fileEncoding = 4; lastKnownFileType = sourcecode.c.h; path = CustomView.h; sourceTree = "<group>"; };
		63F3A6011CED519D00F8DCFA /* CustomView.m */ = {isa = PBXFileReference; fileEncoding = 4; lastKnownFileType = sourcecode.c.objc; path = CustomView.m; sourceTree = "<group>"; };
		63F3A6071CED820C00F8DCFA /* PictureTextView.h */ = {isa = PBXFileReference; fileEncoding = 4; lastKnownFileType = sourcecode.c.h; path = PictureTextView.h; sourceTree = "<group>"; };
		63F3A6081CED820C00F8DCFA /* PictureTextView.m */ = {isa = PBXFileReference; fileEncoding = 4; lastKnownFileType = sourcecode.c.objc; path = PictureTextView.m; sourceTree = "<group>"; };
		63F3A60A1CED822500F8DCFA /* NewsView.h */ = {isa = PBXFileReference; fileEncoding = 4; lastKnownFileType = sourcecode.c.h; path = NewsView.h; sourceTree = "<group>"; };
		63F3A60B1CED822500F8DCFA /* NewsView.m */ = {isa = PBXFileReference; fileEncoding = 4; lastKnownFileType = sourcecode.c.objc; path = NewsView.m; sourceTree = "<group>"; };
		63F3A60D1CED823100F8DCFA /* QuestionView.h */ = {isa = PBXFileReference; fileEncoding = 4; lastKnownFileType = sourcecode.c.h; path = QuestionView.h; sourceTree = "<group>"; };
		63F3A60E1CED823100F8DCFA /* QuestionView.m */ = {isa = PBXFileReference; fileEncoding = 4; lastKnownFileType = sourcecode.c.objc; path = QuestionView.m; sourceTree = "<group>"; };
		63F3A6101CED938A00F8DCFA /* NewsCollectionViewCell.h */ = {isa = PBXFileReference; fileEncoding = 4; lastKnownFileType = sourcecode.c.h; path = NewsCollectionViewCell.h; sourceTree = "<group>"; };
		63F3A6111CED938A00F8DCFA /* NewsCollectionViewCell.m */ = {isa = PBXFileReference; fileEncoding = 4; lastKnownFileType = sourcecode.c.objc; path = NewsCollectionViewCell.m; sourceTree = "<group>"; };
		63F3A6131CEDA32100F8DCFA /* news_result.png */ = {isa = PBXFileReference; lastKnownFileType = image.png; path = news_result.png; sourceTree = "<group>"; };
		DB8F7B659B18D974FC1DA528 /* Pods___.framework */ = {isa = PBXFileReference; explicitFileType = wrapper.framework; includeInIndex = 0; path = "Pods___.framework"; sourceTree = BUILT_PRODUCTS_DIR; };
		E516F290E96371730D5F4A87 /* Pods-果动.debug.xcconfig */ = {isa = PBXFileReference; includeInIndex = 1; lastKnownFileType = text.xcconfig; name = "Pods-果动.debug.xcconfig"; path = "Pods/Target Support Files/Pods-果动/Pods-果动.debug.xcconfig"; sourceTree = "<group>"; };
/* End PBXFileReference section */

/* Begin PBXFrameworksBuildPhase section */
		0488CB1F1A86E29000E0AA5E /* Frameworks */ = {
			isa = PBXFrameworksBuildPhase;
			buildActionMask = 2147483647;
			files = (
				F4787F5189D2D3D7321C7283 /* Pods___.framework in Frameworks */,
			);
			runOnlyForDeploymentPostprocessing = 0;
		};
		0488CB381A86E29000E0AA5E /* Frameworks */ = {
			isa = PBXFrameworksBuildPhase;
			buildActionMask = 2147483647;
			files = (
			);
			runOnlyForDeploymentPostprocessing = 0;
		};
/* End PBXFrameworksBuildPhase section */

/* Begin PBXGroup section */
		0488CB191A86E29000E0AA5E = {
			isa = PBXGroup;
			children = (
				0488CB241A86E29000E0AA5E /* 果动 */,
				0488CB3E1A86E29000E0AA5E /* 果动Tests */,
				0488CB231A86E29000E0AA5E /* Products */,
				63B221131ABE987000168314 /* Frameworkes */,
				7C7CD4A8B86A26C21A8FD997 /* Pods */,
				DFD0C7AC7BE8CA8FE0C16566 /* Frameworks */,
			);
			sourceTree = "<group>";
		};
		0488CB231A86E29000E0AA5E /* Products */ = {
			isa = PBXGroup;
			children = (
				0488CB221A86E29000E0AA5E /* 果动.app */,
				0488CB3B1A86E29000E0AA5E /* 果动Tests.xctest */,
			);
			name = Products;
			sourceTree = "<group>";
		};
		0488CB241A86E29000E0AA5E /* 果动 */ = {
			isa = PBXGroup;
			children = (
				0488CB4E1A86E64D00E0AA5E /* AppDelegate */,
				630897E71CEAB13400465675 /* Person */,
				630897E61CEAB12D00465675 /* Finder */,
				630897E51CEAB12100465675 /* Class */,
				63B635851C74029600923A35 /* Tabbar */,
				63B636631C74051F00923A35 /* Login&Register */,
				63B63A181C7442CD00923A35 /* Common */,
				63B638F51C7440E800923A35 /* Third_Files */,
				0488CB251A86E29000E0AA5E /* Supporting Files */,
			);
			path = "果动";
			sourceTree = "<group>";
		};
		0488CB251A86E29000E0AA5E /* Supporting Files */ = {
			isa = PBXGroup;
			children = (
				0488CB261A86E29000E0AA5E /* Info.plist */,
				0488CB271A86E29000E0AA5E /* main.m */,
				0488CB2F1A86E29000E0AA5E /* Main.storyboard */,
				0488CB321A86E29000E0AA5E /* Images.xcassets */,
				0488CB341A86E29000E0AA5E /* LaunchScreen.xib */,
			);
			name = "Supporting Files";
			sourceTree = "<group>";
		};
		0488CB3E1A86E29000E0AA5E /* 果动Tests */ = {
			isa = PBXGroup;
			children = (
				0488CB411A86E29000E0AA5E /* __Tests.m */,
				0488CB3F1A86E29000E0AA5E /* Supporting Files */,
			);
			path = "果动Tests";
			sourceTree = "<group>";
		};
		0488CB3F1A86E29000E0AA5E /* Supporting Files */ = {
			isa = PBXGroup;
			children = (
				0488CB401A86E29000E0AA5E /* Info.plist */,
			);
			name = "Supporting Files";
			sourceTree = "<group>";
		};
		0488CB4E1A86E64D00E0AA5E /* AppDelegate */ = {
			isa = PBXGroup;
			children = (
				63B635861C74039900923A35 /* AppDelegate.h */,
				63172A8A1CEBFA2D004BEAC3 /* AppDelegate.m */,
				6338649A1C7556BC002638C7 /* PrefixHeader.pch */,
			);
			path = AppDelegate;
			sourceTree = "<group>";
		};
		630897E51CEAB12100465675 /* Class */ = {
			isa = PBXGroup;
			children = (
				630897FD1CEAC76100465675 /* Class */,
				630897FC1CEAC72B00465675 /* City */,
			);
			name = Class;
			sourceTree = "<group>";
		};
		630897E61CEAB12D00465675 /* Finder */ = {
			isa = PBXGroup;
			children = (
				63172A8F1CEBFBF7004BEAC3 /* FinderViewController.h */,
				63172A901CEBFBF7004BEAC3 /* FinderViewController.m */,
				63F3A6031CED818000F8DCFA /* View */,
			);
			name = Finder;
			sourceTree = "<group>";
		};
		630897E71CEAB13400465675 /* Person */ = {
			isa = PBXGroup;
			children = (
				63172A8C1CEBFBE3004BEAC3 /* PersonViewController.h */,
				63172A8D1CEBFBE3004BEAC3 /* PersonViewController.m */,
				63E1F99B1CEC561500EFF00C /* View */,
			);
			name = Person;
			sourceTree = "<group>";
		};
		630897FC1CEAC72B00465675 /* City */ = {
			isa = PBXGroup;
			children = (
				63172A981CEBFC21004BEAC3 /* CityViewController.h */,
				63172A991CEBFC21004BEAC3 /* CityViewController.m */,
			);
			name = City;
			sourceTree = "<group>";
		};
		630897FD1CEAC76100465675 /* Class */ = {
			isa = PBXGroup;
			children = (
				63172A921CEBFC06004BEAC3 /* ClassViewController.h */,
				63172A931CEBFC06004BEAC3 /* ClassViewController.m */,
				630897FE1CEAC7AE00465675 /* View */,
				630897FF1CEAC7BF00465675 /* Model */,
				63172AA71CEBFD7B004BEAC3 /* Third-Files */,
			);
			name = Class;
			sourceTree = "<group>";
		};
		630897FE1CEAC7AE00465675 /* View */ = {
			isa = PBXGroup;
			children = (
				63172A951CEBFC12004BEAC3 /* LocationView.h */,
				63172A961CEBFC12004BEAC3 /* LocationView.m */,
				63E1F98C1CEC3C4900EFF00C /* ClassView.h */,
				63E1F98D1CEC3C4900EFF00C /* ClassView.m */,
				63E1F98F1CEC3D4D00EFF00C /* ClassTableViewCell.h */,
				63E1F9901CEC3D4D00EFF00C /* ClassTableViewCell.m */,
				63E1F9921CEC43DD00EFF00C /* ShopView.h */,
				63E1F9931CEC43DD00EFF00C /* ShopView.m */,
				63E1F9981CEC488000EFF00C /* ShopTableViewCell.h */,
				63E1F9991CEC488000EFF00C /* ShopTableViewCell.m */,
			);
			name = View;
			sourceTree = "<group>";
		};
		630897FF1CEAC7BF00465675 /* Model */ = {
			isa = PBXGroup;
			children = (
				63172AC51CEBFEDA004BEAC3 /* HomeModel.h */,
				63172AC61CEBFEDA004BEAC3 /* HomeModel.m */,
				63172AC81CEBFF6A004BEAC3 /* ClassModel.h */,
				63172AC91CEBFF6A004BEAC3 /* ClassModel.m */,
				63E1F9951CEC47F500EFF00C /* ShopModel.h */,
				63E1F9961CEC47F500EFF00C /* ShopModel.m */,
			);
			name = Model;
			sourceTree = "<group>";
		};
		63172AA71CEBFD7B004BEAC3 /* Third-Files */ = {
			isa = PBXGroup;
			children = (
				63172AA81CEBFDB4004BEAC3 /* SDCycleScrollView */,
			);
			name = "Third-Files";
			path = "Class/Class/Third-Files";
			sourceTree = "<group>";
		};
		63172AA81CEBFDB4004BEAC3 /* SDCycleScrollView */ = {
			isa = PBXGroup;
			children = (
				63172AA91CEBFDB4004BEAC3 /* NSData+SDDataCache.h */,
				63172AAA1CEBFDB4004BEAC3 /* NSData+SDDataCache.m */,
				63172AAB1CEBFDB4004BEAC3 /* PageControl */,
				63172AB41CEBFDB4004BEAC3 /* SDCollectionViewCell.h */,
				63172AB51CEBFDB4004BEAC3 /* SDCollectionViewCell.m */,
				63172AB61CEBFDB4004BEAC3 /* SDCycleScrollView.h */,
				63172AB71CEBFDB4004BEAC3 /* SDCycleScrollView.m */,
				63172AB81CEBFDB4004BEAC3 /* UIView+SDExtension.h */,
				63172AB91CEBFDB4004BEAC3 /* UIView+SDExtension.m */,
			);
			path = SDCycleScrollView;
			sourceTree = "<group>";
		};
		63172AAB1CEBFDB4004BEAC3 /* PageControl */ = {
			isa = PBXGroup;
			children = (
				63172AAC1CEBFDB4004BEAC3 /* TAAbstractDotView.h */,
				63172AAD1CEBFDB4004BEAC3 /* TAAbstractDotView.m */,
				63172AAE1CEBFDB4004BEAC3 /* TAAnimatedDotView.h */,
				63172AAF1CEBFDB4004BEAC3 /* TAAnimatedDotView.m */,
				63172AB01CEBFDB4004BEAC3 /* TADotView.h */,
				63172AB11CEBFDB4004BEAC3 /* TADotView.m */,
				63172AB21CEBFDB4004BEAC3 /* TAPageControl.h */,
				63172AB31CEBFDB4004BEAC3 /* TAPageControl.m */,
			);
			path = PageControl;
			sourceTree = "<group>";
		};
		63B221131ABE987000168314 /* Frameworkes */ = {
			isa = PBXGroup;
			children = (
			);
			name = Frameworkes;
			sourceTree = "<group>";
		};
		63B635851C74029600923A35 /* Tabbar */ = {
			isa = PBXGroup;
			children = (
				63172A9B1CEBFC2F004BEAC3 /* MainViewController.h */,
				63172A9C1CEBFC2F004BEAC3 /* MainViewController.m */,
				63B636921C74091F00923A35 /* Model */,
			);
			name = Tabbar;
			sourceTree = "<group>";
		};
		63B636631C74051F00923A35 /* Login&Register */ = {
			isa = PBXGroup;
			children = (
				63172A9E1CEBFC3A004BEAC3 /* RegisterViewController.h */,
				63172A9F1CEBFC3A004BEAC3 /* RegisterViewController.m */,
				63B6368E1C7408CB00923A35 /* VIew */,
				63B6366D1C74060700923A35 /* Third_File */,
			);
			path = "Login&Register";
			sourceTree = "<group>";
		};
		63B6366D1C74060700923A35 /* Third_File */ = {
			isa = PBXGroup;
			children = (
			);
			name = Third_File;
			path = "Third-File";
			sourceTree = "<group>";
		};
		63B6368E1C7408CB00923A35 /* VIew */ = {
			isa = PBXGroup;
			children = (
			);
			path = VIew;
			sourceTree = "<group>";
		};
		63B636921C74091F00923A35 /* Model */ = {
			isa = PBXGroup;
			children = (
			);
			name = Model;
			path = Tabbar/Model;
			sourceTree = "<group>";
		};
		63B638F51C7440E800923A35 /* Third_Files */ = {
			isa = PBXGroup;
			children = (
			);
			path = Third_Files;
			sourceTree = "<group>";
		};
		63B63A181C7442CD00923A35 /* Common */ = {
			isa = PBXGroup;
			children = (
				63172AA11CEBFC49004BEAC3 /* BackView.h */,
				63172AA21CEBFC49004BEAC3 /* BackView.m */,
				63172AA31CEBFC49004BEAC3 /* HttpTool.h */,
				63172AA41CEBFC49004BEAC3 /* HttpTool.m */,
			);
			path = Common;
			sourceTree = "<group>";
		};
		63E1F99B1CEC561500EFF00C /* View */ = {
			isa = PBXGroup;
			children = (
				63E1F99C1CEC563000EFF00C /* TopView.h */,
				63E1F99D1CEC563000EFF00C /* TopView.m */,
				63F3A6001CED519D00F8DCFA /* CustomView.h */,
				63F3A6011CED519D00F8DCFA /* CustomView.m */,
			);
			name = View;
			path = Person/View;
			sourceTree = "<group>";
		};
		63F3A6031CED818000F8DCFA /* View */ = {
			isa = PBXGroup;
			children = (
				63F3A6071CED820C00F8DCFA /* PictureTextView.h */,
				63F3A6081CED820C00F8DCFA /* PictureTextView.m */,
				63F3A60A1CED822500F8DCFA /* NewsView.h */,
				63F3A60B1CED822500F8DCFA /* NewsView.m */,
				63F3A6101CED938A00F8DCFA /* NewsCollectionViewCell.h */,
				63F3A6111CED938A00F8DCFA /* NewsCollectionViewCell.m */,
				63F3A6131CEDA32100F8DCFA /* news_result.png */,
				63F3A60D1CED823100F8DCFA /* QuestionView.h */,
				63F3A60E1CED823100F8DCFA /* QuestionView.m */,
			);
			name = View;
			path = Finder/View;
			sourceTree = "<group>";
		};
		7C7CD4A8B86A26C21A8FD997 /* Pods */ = {
			isa = PBXGroup;
			children = (
				E516F290E96371730D5F4A87 /* Pods-果动.debug.xcconfig */,
				34FB940F5E8B59DBDB9608E4 /* Pods-果动.release.xcconfig */,
			);
			name = Pods;
			sourceTree = "<group>";
		};
		DFD0C7AC7BE8CA8FE0C16566 /* Frameworks */ = {
			isa = PBXGroup;
			children = (
				DB8F7B659B18D974FC1DA528 /* Pods___.framework */,
			);
			name = Frameworks;
			sourceTree = "<group>";
		};
/* End PBXGroup section */

/* Begin PBXNativeTarget section */
		0488CB211A86E29000E0AA5E /* 果动 */ = {
			isa = PBXNativeTarget;
			buildConfigurationList = 0488CB451A86E29000E0AA5E /* Build configuration list for PBXNativeTarget "果动" */;
			buildPhases = (
				6E4F22B1DA3F39E71A56AECC /* 📦 Check Pods Manifest.lock */,
				0488CB1E1A86E29000E0AA5E /* Sources */,
				0488CB1F1A86E29000E0AA5E /* Frameworks */,
				0488CB201A86E29000E0AA5E /* Resources */,
				BB47FA9AE170E92B3E2EE149 /* 📦 Embed Pods Frameworks */,
				36FE89D90636F3AFE50DBE4C /* 📦 Copy Pods Resources */,
			);
			buildRules = (
			);
			dependencies = (
			);
			name = "果动";
			productName = "果动";
			productReference = 0488CB221A86E29000E0AA5E /* 果动.app */;
			productType = "com.apple.product-type.application";
		};
		0488CB3A1A86E29000E0AA5E /* 果动Tests */ = {
			isa = PBXNativeTarget;
			buildConfigurationList = 0488CB481A86E29000E0AA5E /* Build configuration list for PBXNativeTarget "果动Tests" */;
			buildPhases = (
				0488CB371A86E29000E0AA5E /* Sources */,
				0488CB381A86E29000E0AA5E /* Frameworks */,
				0488CB391A86E29000E0AA5E /* Resources */,
			);
			buildRules = (
			);
			dependencies = (
				0488CB3D1A86E29000E0AA5E /* PBXTargetDependency */,
			);
			name = "果动Tests";
			productName = "果动Tests";
			productReference = 0488CB3B1A86E29000E0AA5E /* 果动Tests.xctest */;
			productType = "com.apple.product-type.bundle.unit-test";
		};
/* End PBXNativeTarget section */

/* Begin PBXProject section */
		0488CB1A1A86E29000E0AA5E /* Project object */ = {
			isa = PBXProject;
			attributes = {
				LastUpgradeCheck = 0700;
				ORGANIZATIONNAME = Unique;
				TargetAttributes = {
					0488CB211A86E29000E0AA5E = {
						CreatedOnToolsVersion = 6.1.1;
						DevelopmentTeam = W3F8ZLM4DL;
						SystemCapabilities = {
							com.apple.BackgroundModes = {
								enabled = 1;
							};
						};
					};
					0488CB3A1A86E29000E0AA5E = {
						CreatedOnToolsVersion = 6.1.1;
						DevelopmentTeam = W3F8ZLM4DL;
						TestTargetID = 0488CB211A86E29000E0AA5E;
					};
				};
			};
			buildConfigurationList = 0488CB1D1A86E29000E0AA5E /* Build configuration list for PBXProject "果动" */;
			compatibilityVersion = "Xcode 3.2";
			developmentRegion = English;
			hasScannedForEncodings = 0;
			knownRegions = (
				en,
				Base,
				"zh-Hans",
			);
			mainGroup = 0488CB191A86E29000E0AA5E;
			productRefGroup = 0488CB231A86E29000E0AA5E /* Products */;
			projectDirPath = "";
			projectRoot = "";
			targets = (
				0488CB211A86E29000E0AA5E /* 果动 */,
				0488CB3A1A86E29000E0AA5E /* 果动Tests */,
			);
		};
/* End PBXProject section */

/* Begin PBXResourcesBuildPhase section */
		0488CB201A86E29000E0AA5E /* Resources */ = {
			isa = PBXResourcesBuildPhase;
			buildActionMask = 2147483647;
			files = (
				0488CB311A86E29000E0AA5E /* Main.storyboard in Resources */,
				63F3A6141CEDA32100F8DCFA /* news_result.png in Resources */,
				0488CB361A86E29000E0AA5E /* LaunchScreen.xib in Resources */,
				0488CB331A86E29000E0AA5E /* Images.xcassets in Resources */,
			);
			runOnlyForDeploymentPostprocessing = 0;
		};
		0488CB391A86E29000E0AA5E /* Resources */ = {
			isa = PBXResourcesBuildPhase;
			buildActionMask = 2147483647;
			files = (
			);
			runOnlyForDeploymentPostprocessing = 0;
		};
/* End PBXResourcesBuildPhase section */

/* Begin PBXShellScriptBuildPhase section */
		36FE89D90636F3AFE50DBE4C /* 📦 Copy Pods Resources */ = {
			isa = PBXShellScriptBuildPhase;
			buildActionMask = 2147483647;
			files = (
			);
			inputPaths = (
			);
			name = "📦 Copy Pods Resources";
			outputPaths = (
			);
			runOnlyForDeploymentPostprocessing = 0;
			shellPath = /bin/sh;
			shellScript = "\"${SRCROOT}/Pods/Target Support Files/Pods-果动/Pods-果动-resources.sh\"\n";
			showEnvVarsInLog = 0;
		};
		6E4F22B1DA3F39E71A56AECC /* 📦 Check Pods Manifest.lock */ = {
			isa = PBXShellScriptBuildPhase;
			buildActionMask = 2147483647;
			files = (
			);
			inputPaths = (
			);
			name = "📦 Check Pods Manifest.lock";
			outputPaths = (
			);
			runOnlyForDeploymentPostprocessing = 0;
			shellPath = /bin/sh;
			shellScript = "diff \"${PODS_ROOT}/../Podfile.lock\" \"${PODS_ROOT}/Manifest.lock\" > /dev/null\nif [[ $? != 0 ]] ; then\n    cat << EOM\nerror: The sandbox is not in sync with the Podfile.lock. Run 'pod install' or update your CocoaPods installation.\nEOM\n    exit 1\nfi\n";
			showEnvVarsInLog = 0;
		};
		BB47FA9AE170E92B3E2EE149 /* 📦 Embed Pods Frameworks */ = {
			isa = PBXShellScriptBuildPhase;
			buildActionMask = 2147483647;
			files = (
			);
			inputPaths = (
			);
			name = "📦 Embed Pods Frameworks";
			outputPaths = (
			);
			runOnlyForDeploymentPostprocessing = 0;
			shellPath = /bin/sh;
			shellScript = "\"${SRCROOT}/Pods/Target Support Files/Pods-果动/Pods-果动-frameworks.sh\"\n";
			showEnvVarsInLog = 0;
		};
/* End PBXShellScriptBuildPhase section */

/* Begin PBXSourcesBuildPhase section */
		0488CB1E1A86E29000E0AA5E /* Sources */ = {
			isa = PBXSourcesBuildPhase;
			buildActionMask = 2147483647;
			files = (
				63172AC71CEBFEDA004BEAC3 /* HomeModel.m in Sources */,
				63172AA01CEBFC3A004BEAC3 /* RegisterViewController.m in Sources */,
				63E1F9941CEC43DD00EFF00C /* ShopView.m in Sources */,
				63172A9D1CEBFC2F004BEAC3 /* MainViewController.m in Sources */,
				63172ABF1CEBFDB4004BEAC3 /* SDCollectionViewCell.m in Sources */,
				63172A8B1CEBFA2D004BEAC3 /* AppDelegate.m in Sources */,
				63172AA51CEBFC49004BEAC3 /* BackView.m in Sources */,
				63172ABD1CEBFDB4004BEAC3 /* TADotView.m in Sources */,
				63E1F9911CEC3D4D00EFF00C /* ClassTableViewCell.m in Sources */,
				63172A941CEBFC06004BEAC3 /* ClassViewController.m in Sources */,
				63172A971CEBFC12004BEAC3 /* LocationView.m in Sources */,
				63E1F99A1CEC488000EFF00C /* ShopTableViewCell.m in Sources */,
				0488CB281A86E29000E0AA5E /* main.m in Sources */,
				63172ABB1CEBFDB4004BEAC3 /* TAAbstractDotView.m in Sources */,
				63172ABC1CEBFDB4004BEAC3 /* TAAnimatedDotView.m in Sources */,
				63172A9A1CEBFC21004BEAC3 /* CityViewController.m in Sources */,
				63E1F9971CEC47F500EFF00C /* ShopModel.m in Sources */,
				63172AA61CEBFC49004BEAC3 /* HttpTool.m in Sources */,
				63172AC01CEBFDB4004BEAC3 /* SDCycleScrollView.m in Sources */,
				63172A8E1CEBFBE3004BEAC3 /* PersonViewController.m in Sources */,
				63172ABE1CEBFDB4004BEAC3 /* TAPageControl.m in Sources */,
				63172ABA1CEBFDB4004BEAC3 /* NSData+SDDataCache.m in Sources */,
				63172A911CEBFBF7004BEAC3 /* FinderViewController.m in Sources */,
				63F3A6121CED938A00F8DCFA /* NewsCollectionViewCell.m in Sources */,
				63F3A60C1CED822500F8DCFA /* NewsView.m in Sources */,
				63E1F98E1CEC3C4900EFF00C /* ClassView.m in Sources */,
				63F3A6091CED820C00F8DCFA /* PictureTextView.m in Sources */,
				63F3A60F1CED823100F8DCFA /* QuestionView.m in Sources */,
				63E1F99E1CEC563000EFF00C /* TopView.m in Sources */,
				63F3A6021CED519D00F8DCFA /* CustomView.m in Sources */,
				63172AC11CEBFDB4004BEAC3 /* UIView+SDExtension.m in Sources */,
				63172ACA1CEBFF6A004BEAC3 /* ClassModel.m in Sources */,
			);
			runOnlyForDeploymentPostprocessing = 0;
		};
		0488CB371A86E29000E0AA5E /* Sources */ = {
			isa = PBXSourcesBuildPhase;
			buildActionMask = 2147483647;
			files = (
				0488CB421A86E29000E0AA5E /* __Tests.m in Sources */,
			);
			runOnlyForDeploymentPostprocessing = 0;
		};
/* End PBXSourcesBuildPhase section */

/* Begin PBXTargetDependency section */
		0488CB3D1A86E29000E0AA5E /* PBXTargetDependency */ = {
			isa = PBXTargetDependency;
			target = 0488CB211A86E29000E0AA5E /* 果动 */;
			targetProxy = 0488CB3C1A86E29000E0AA5E /* PBXContainerItemProxy */;
		};
/* End PBXTargetDependency section */

/* Begin PBXVariantGroup section */
		0488CB2F1A86E29000E0AA5E /* Main.storyboard */ = {
			isa = PBXVariantGroup;
			children = (
				0488CB301A86E29000E0AA5E /* Base */,
			);
			name = Main.storyboard;
			sourceTree = "<group>";
		};
		0488CB341A86E29000E0AA5E /* LaunchScreen.xib */ = {
			isa = PBXVariantGroup;
			children = (
				0488CB351A86E29000E0AA5E /* Base */,
			);
			name = LaunchScreen.xib;
			sourceTree = "<group>";
		};
/* End PBXVariantGroup section */

/* Begin XCBuildConfiguration section */
		0488CB431A86E29000E0AA5E /* Debug */ = {
			isa = XCBuildConfiguration;
			buildSettings = {
				ALWAYS_SEARCH_USER_PATHS = NO;
				"ALWAYS_SEARCH_USER_PATHS[arch=*]" = NO;
				CLANG_CXX_LANGUAGE_STANDARD = "gnu++0x";
				CLANG_CXX_LIBRARY = "libc++";
				CLANG_ENABLE_MODULES = YES;
				CLANG_ENABLE_OBJC_ARC = YES;
				CLANG_WARN_BOOL_CONVERSION = YES;
				CLANG_WARN_CONSTANT_CONVERSION = YES;
				CLANG_WARN_DIRECT_OBJC_ISA_USAGE = YES_ERROR;
				CLANG_WARN_EMPTY_BODY = YES;
				CLANG_WARN_ENUM_CONVERSION = YES;
				CLANG_WARN_INT_CONVERSION = YES;
				CLANG_WARN_OBJC_ROOT_CLASS = YES_ERROR;
				CLANG_WARN_UNREACHABLE_CODE = YES;
				CLANG_WARN__DUPLICATE_METHOD_MATCH = YES;
				CODE_SIGN_IDENTITY = "iPhone Distribution: Guodong(Beijing) Network Technology Co., Ltd. (W3F8ZLM4DL)";
				"CODE_SIGN_IDENTITY[sdk=*]" = "iPhone Developer: Bin Zhang (V7GV47DN5L)";
				"CODE_SIGN_IDENTITY[sdk=iphoneos*]" = "iPhone Developer: Bin Zhang (V7GV47DN5L)";
				COPY_PHASE_STRIP = NO;
				ENABLE_BITCODE = NO;
				ENABLE_STRICT_OBJC_MSGSEND = YES;
				ENABLE_TESTABILITY = YES;
				GCC_C_LANGUAGE_STANDARD = gnu99;
				GCC_DYNAMIC_NO_PIC = NO;
				GCC_OPTIMIZATION_LEVEL = 0;
				GCC_PREPROCESSOR_DEFINITIONS = (
					"DEBUG=1",
					"$(inherited)",
				);
				GCC_SYMBOLS_PRIVATE_EXTERN = NO;
				GCC_WARN_64_TO_32_BIT_CONVERSION = YES;
				GCC_WARN_ABOUT_RETURN_TYPE = YES_ERROR;
				GCC_WARN_UNDECLARED_SELECTOR = YES;
				GCC_WARN_UNINITIALIZED_AUTOS = YES_AGGRESSIVE;
				GCC_WARN_UNUSED_FUNCTION = YES;
				GCC_WARN_UNUSED_VARIABLE = YES;
				IPHONEOS_DEPLOYMENT_TARGET = 8.4;
				"LIBRARY_SEARCH_PATHS[arch=*]" = "$(SRCROOT)/[JPush]";
				MTL_ENABLE_DEBUG_INFO = YES;
				ONLY_ACTIVE_ARCH = YES;
				OTHER_LDFLAGS = "";
				PROVISIONING_PROFILE = "545c1fe9-46a4-46b0-99af-170264e7ed64";
				"PROVISIONING_PROFILE[sdk=*]" = "25e2aa6f-cbe0-4b93-a52d-c74d329ae78b";
				SDKROOT = iphoneos;
				"USER_HEADER_SEARCH_PATHS[arch=*]" = "$(SRCROOT)/[JPush]";
			};
			name = Debug;
		};
		0488CB441A86E29000E0AA5E /* Release */ = {
			isa = XCBuildConfiguration;
			buildSettings = {
				ALWAYS_SEARCH_USER_PATHS = NO;
				CLANG_CXX_LANGUAGE_STANDARD = "gnu++0x";
				CLANG_CXX_LIBRARY = "libc++";
				CLANG_ENABLE_MODULES = YES;
				CLANG_ENABLE_OBJC_ARC = YES;
				CLANG_WARN_BOOL_CONVERSION = YES;
				CLANG_WARN_CONSTANT_CONVERSION = YES;
				CLANG_WARN_DIRECT_OBJC_ISA_USAGE = YES_ERROR;
				CLANG_WARN_EMPTY_BODY = YES;
				CLANG_WARN_ENUM_CONVERSION = YES;
				CLANG_WARN_INT_CONVERSION = YES;
				CLANG_WARN_OBJC_ROOT_CLASS = YES_ERROR;
				CLANG_WARN_UNREACHABLE_CODE = YES;
				CLANG_WARN__DUPLICATE_METHOD_MATCH = YES;
				CODE_SIGN_IDENTITY = "iPhone Developer: Bin Zhang (V7GV47DN5L)";
				"CODE_SIGN_IDENTITY[sdk=iphoneos*]" = "iPhone Developer: Bin Zhang (V7GV47DN5L)";
				COPY_PHASE_STRIP = YES;
				ENABLE_BITCODE = NO;
				ENABLE_NS_ASSERTIONS = NO;
				ENABLE_STRICT_OBJC_MSGSEND = YES;
				GCC_C_LANGUAGE_STANDARD = gnu99;
				GCC_WARN_64_TO_32_BIT_CONVERSION = YES;
				GCC_WARN_ABOUT_RETURN_TYPE = YES_ERROR;
				GCC_WARN_UNDECLARED_SELECTOR = YES;
				GCC_WARN_UNINITIALIZED_AUTOS = YES_AGGRESSIVE;
				GCC_WARN_UNUSED_FUNCTION = YES;
				GCC_WARN_UNUSED_VARIABLE = YES;
				IPHONEOS_DEPLOYMENT_TARGET = 8.4;
				MTL_ENABLE_DEBUG_INFO = NO;
				ONLY_ACTIVE_ARCH = YES;
				OTHER_LDFLAGS = "";
				PROVISIONING_PROFILE = "25e2aa6f-cbe0-4b93-a52d-c74d329ae78b";
				SDKROOT = iphoneos;
				VALIDATE_PRODUCT = YES;
			};
			name = Release;
		};
		0488CB461A86E29000E0AA5E /* Debug */ = {
			isa = XCBuildConfiguration;
			baseConfigurationReference = E516F290E96371730D5F4A87 /* Pods-果动.debug.xcconfig */;
			buildSettings = {
				ASSETCATALOG_COMPILER_APPICON_NAME = AppIcon;
				CODE_SIGN_IDENTITY = "iPhone Developer: Bin Zhang (V7GV47DN5L)";
				"CODE_SIGN_IDENTITY[sdk=*]" = "iPhone Developer: Bin Zhang (V7GV47DN5L)";
				"CODE_SIGN_IDENTITY[sdk=iphoneos*]" = "iPhone Developer: Bin Zhang (V7GV47DN5L)";
				DEBUG_INFORMATION_FORMAT = dwarf;
				ENABLE_STRICT_OBJC_MSGSEND = NO;
				FRAMEWORK_SEARCH_PATHS = "$(inherited)";
				GCC_PRECOMPILE_PREFIX_HEADER = YES;
				GCC_PREFIX_HEADER = "$(SRCROOT)/果动/AppDelegate/PrefixHeader.pch";
				INFOPLIST_FILE = "果动/Info.plist";
				IPHONEOS_DEPLOYMENT_TARGET = 8.0;
				LD_RUNPATH_SEARCH_PATHS = "$(inherited) @executable_path/Frameworks";
				LIBRARY_SEARCH_PATHS = (
					"$(inherited)",
					"$(PROJECT_DIR)/果动/Third_Files/lib/Channels",
					"$(PROJECT_DIR)/果动/MainPanelwork/Home/Controller",
					"$(PROJECT_DIR)/果动/PingLunController/Third_File/QCheckbox/ShareSDK/Extend/SinaWeiboSDK",
					"$(PROJECT_DIR)/果动/PingLunController/Third_File/QCheckbox/ShareSDK/Extend/WeChatSDK",
					"$(PROJECT_DIR)/果动/Third_Files/JPush/lib",
					"$(PROJECT_DIR)/果动/Third_Files/Ping++/lib/Channels/Alipay",
					"$(PROJECT_DIR)/果动/Third_Files/Ping++/lib/Channels/UnionPay",
					"$(PROJECT_DIR)/果动/Third_Files/Ping++/lib/Channels/Wx",
					"$(PROJECT_DIR)/果动/Third_Files/Ping++/lib",
				);
				OTHER_LDFLAGS = (
					"-ObjC",
					"$(inherited)",
				);
				PRODUCT_BUNDLE_IDENTIFIER = com.guodong.user;
				PRODUCT_NAME = "$(TARGET_NAME)";
				PROVISIONING_PROFILE = "72431e29-52ec-47bc-8359-32892e3744a2";
				"PROVISIONING_PROFILE[sdk=*]" = "72431e29-52ec-47bc-8359-32892e3744a2";
				VALID_ARCHS = "arm64 armv7 armv7s";
			};
			name = Debug;
		};
		0488CB471A86E29000E0AA5E /* Release */ = {
			isa = XCBuildConfiguration;
			baseConfigurationReference = 34FB940F5E8B59DBDB9608E4 /* Pods-果动.release.xcconfig */;
			buildSettings = {
				ASSETCATALOG_COMPILER_APPICON_NAME = AppIcon;
				CODE_SIGN_IDENTITY = "iPhone Developer: Bin Zhang (V7GV47DN5L)";
				"CODE_SIGN_IDENTITY[sdk=iphoneos*]" = "iPhone Developer: Bin Zhang (V7GV47DN5L)";
				DEBUG_INFORMATION_FORMAT = dwarf;
				ENABLE_STRICT_OBJC_MSGSEND = NO;
				FRAMEWORK_SEARCH_PATHS = "$(inherited)";
				GCC_PRECOMPILE_PREFIX_HEADER = YES;
				GCC_PREFIX_HEADER = "$(SRCROOT)/果动/AppDelegate/PrefixHeader.pch";
				INFOPLIST_FILE = "果动/Info.plist";
				IPHONEOS_DEPLOYMENT_TARGET = 8.0;
				LD_RUNPATH_SEARCH_PATHS = "$(inherited) @executable_path/Frameworks";
				LIBRARY_SEARCH_PATHS = (
					"$(inherited)",
					"$(PROJECT_DIR)/果动/PingLunController/Third_File/QCheckbox/ShareSDK/Extend/SinaWeiboSDK",
					"$(PROJECT_DIR)/果动/PingLunController/Third_File/QCheckbox/ShareSDK/Extend/WeChatSDK",
					"$(PROJECT_DIR)/果动/Third_Files/JPush/lib",
					"$(PROJECT_DIR)/果动/Third_Files/Ping++/lib/Channels/Alipay",
					"$(PROJECT_DIR)/果动/Third_Files/Ping++/lib/Channels/UnionPay",
					"$(PROJECT_DIR)/果动/Third_Files/Ping++/lib/Channels/Wx",
					"$(PROJECT_DIR)/果动/Third_Files/Ping++/lib",
				);
				OTHER_LDFLAGS = (
					"-ObjC",
					"$(inherited)",
				);
				PRODUCT_BUNDLE_IDENTIFIER = com.guodong.user;
				PRODUCT_NAME = "$(TARGET_NAME)";
				PROVISIONING_PROFILE = "72431e29-52ec-47bc-8359-32892e3744a2";
				VALID_ARCHS = "arm64 armv7 armv7s";
			};
			name = Release;
		};
		0488CB491A86E29000E0AA5E /* Debug */ = {
			isa = XCBuildConfiguration;
			buildSettings = {
				BUNDLE_LOADER = "$(TEST_HOST)";
				CODE_SIGN_IDENTITY = "iPhone Developer: Bin Zhang (V7GV47DN5L)";
				"CODE_SIGN_IDENTITY[sdk=iphoneos*]" = "iPhone Developer: Bin Zhang (V7GV47DN5L)";
				FRAMEWORK_SEARCH_PATHS = (
					"$(SDKROOT)/Developer/Library/Frameworks",
					"$(inherited)",
				);
				GCC_PREPROCESSOR_DEFINITIONS = (
					"DEBUG=1",
					"$(inherited)",
				);
				INFOPLIST_FILE = "果动Tests/Info.plist";
				LD_RUNPATH_SEARCH_PATHS = "$(inherited) @executable_path/Frameworks @loader_path/Frameworks";
				LIBRARY_SEARCH_PATHS = "$(inherited)";
				OTHER_LDFLAGS = "-ObjC";
				PRODUCT_BUNDLE_IDENTIFIER = com.guodong.;
				PRODUCT_NAME = "$(TARGET_NAME)";
				PROVISIONING_PROFILE = "72431e29-52ec-47bc-8359-32892e3744a2";
				TEST_HOST = "$(BUILT_PRODUCTS_DIR)/果动.app/果动";
			};
			name = Debug;
		};
		0488CB4A1A86E29000E0AA5E /* Release */ = {
			isa = XCBuildConfiguration;
			buildSettings = {
				BUNDLE_LOADER = "$(TEST_HOST)";
				CODE_SIGN_IDENTITY = "iPhone Developer: Bin Zhang (V7GV47DN5L)";
				"CODE_SIGN_IDENTITY[sdk=iphoneos*]" = "iPhone Developer: Bin Zhang (V7GV47DN5L)";
				FRAMEWORK_SEARCH_PATHS = (
					"$(SDKROOT)/Developer/Library/Frameworks",
					"$(inherited)",
				);
				INFOPLIST_FILE = "果动Tests/Info.plist";
				LD_RUNPATH_SEARCH_PATHS = "$(inherited) @executable_path/Frameworks @loader_path/Frameworks";
				LIBRARY_SEARCH_PATHS = "$(inherited)";
				OTHER_LDFLAGS = "-ObjC";
				PRODUCT_BUNDLE_IDENTIFIER = com.guodong.;
				PRODUCT_NAME = "$(TARGET_NAME)";
				PROVISIONING_PROFILE = "72431e29-52ec-47bc-8359-32892e3744a2";
				TEST_HOST = "$(BUILT_PRODUCTS_DIR)/果动.app/果动";
			};
			name = Release;
		};
/* End XCBuildConfiguration section */

/* Begin XCConfigurationList section */
		0488CB1D1A86E29000E0AA5E /* Build configuration list for PBXProject "果动" */ = {
			isa = XCConfigurationList;
			buildConfigurations = (
				0488CB431A86E29000E0AA5E /* Debug */,
				0488CB441A86E29000E0AA5E /* Release */,
			);
			defaultConfigurationIsVisible = 0;
			defaultConfigurationName = Release;
		};
		0488CB451A86E29000E0AA5E /* Build configuration list for PBXNativeTarget "果动" */ = {
			isa = XCConfigurationList;
			buildConfigurations = (
				0488CB461A86E29000E0AA5E /* Debug */,
				0488CB471A86E29000E0AA5E /* Release */,
			);
			defaultConfigurationIsVisible = 0;
			defaultConfigurationName = Release;
		};
		0488CB481A86E29000E0AA5E /* Build configuration list for PBXNativeTarget "果动Tests" */ = {
			isa = XCConfigurationList;
			buildConfigurations = (
				0488CB491A86E29000E0AA5E /* Debug */,
				0488CB4A1A86E29000E0AA5E /* Release */,
			);
			defaultConfigurationIsVisible = 0;
			defaultConfigurationName = Release;
		};
/* End XCConfigurationList section */
	};
	rootObject = 0488CB1A1A86E29000E0AA5E /* Project object */;
}
